github.com/aclements/go-z3 v0.0.0-20220809013456-4675d5f90ca5 h1:A27FEXOK2zSHuCwXwmPIKfrHcT+caybRGb1kaW4KOBI=
github.com/aclements/go-z3 v0.0.0-20220809013456-4675d5f90ca5/go.mod h1:Dcqk4DTCIWIVv0jiFnYg5nnTIOWZ3JgU/mYjb5puA1s=
github.com/alecthomas/participle/v2 v2.1.4 h1:W/H79S8Sat/krZ3el6sQMvMaahJ+XcM9WSI2naI7w2U=
github.com/alecthomas/participle/v2 v2.1.4/go.mod h1:8tqVbpTX20Ru4NfYQgZf4mP18eXPTBViyMWiArNEgGI=
github.com/davewil/aoc-utils v0.1.6 h1:WHrn3sayG82QES8z2jpANiKhMMhM9wMIHmcmMPAdURI=
github.com/davewil/aoc-utils v0.1.6/go.mod h1:postWZ3K1nH/eME0VHPront7oq89G9XXgJaDUnM/yiY=
github.com/joho/godotenv v1.5.1 h1:7eLL/+HRGLY0ldzfGMeQkb7vMd0as4CfYvUVzLqw0N0=
github.com/joho/godotenv v1.5.1/go.mod h1:f4LDr5Voq0i2e/R5DDNOoa2zzDfwtkZa6DnEwAbqwq4=
github.com/peterstace/simplefeatures v0.56.0 h1:BYokjFxrGEAQ0TcFzFrTS6pmNOOJnWZsOs1ZluLzfk4=
github.com/peterstace/simplefeatures v0.56.0/go.mod h1:0QH884YeU4jOeM6Bh7EDdDFyYU1L0I0QONxwwFiknqc=
